// !$*UTF8*$!
{
	archiveVersion = 1;
	classes = {
	};
	objectVersion = 56;
	objects = {

/* Begin PBXBuildFile section */
		27931D742C00749A005C36CF /* LandMarksApp.swift in Sources */ = {isa = PBXBuildFile; fileRef = 27931D732C00749A005C36CF /* LandMarksApp.swift */; };
		27931D762C00749A005C36CF /* LandMarkListView.swift in Sources */ = {isa = PBXBuildFile; fileRef = 27931D752C00749A005C36CF /* LandMarkListView.swift */; };
		27931D782C00749C005C36CF /* Assets.xcassets in Resources */ = {isa = PBXBuildFile; fileRef = 27931D772C00749C005C36CF /* Assets.xcassets */; };
		27931D7B2C00749C005C36CF /* Preview Assets.xcassets in Resources */ = {isa = PBXBuildFile; fileRef = 27931D7A2C00749C005C36CF /* Preview Assets.xcassets */; };
		27931D852C00749C005C36CF /* LandMarksTests.swift in Sources */ = {isa = PBXBuildFile; fileRef = 27931D842C00749C005C36CF /* LandMarksTests.swift */; };
		27931D8F2C00749C005C36CF /* LandMarksUITests.swift in Sources */ = {isa = PBXBuildFile; fileRef = 27931D8E2C00749C005C36CF /* LandMarksUITests.swift */; };
		27931D912C00749C005C36CF /* LandMarksUITestsLaunchTests.swift in Sources */ = {isa = PBXBuildFile; fileRef = 27931D902C00749C005C36CF /* LandMarksUITestsLaunchTests.swift */; };
		27931DA12C0076F7005C36CF /* landmarkData.json in Resources */ = {isa = PBXBuildFile; fileRef = 27931DA02C0076F7005C36CF /* landmarkData.json */; };
		27931DA82C0077B6005C36CF /* LandMarkDataViewModel.swift in Sources */ = {isa = PBXBuildFile; fileRef = 27931DA72C0077B6005C36CF /* LandMarkDataViewModel.swift */; };
		27931DAA2C0077CB005C36CF /* LandMark.swift in Sources */ = {isa = PBXBuildFile; fileRef = 27931DA92C0077CB005C36CF /* LandMark.swift */; };
		27931DAC2C0077EA005C36CF /* LandMarkListCell.swift in Sources */ = {isa = PBXBuildFile; fileRef = 27931DAB2C0077EA005C36CF /* LandMarkListCell.swift */; };
		27931DAE2C007993005C36CF /* Launch Screen.storyboard in Resources */ = {isa = PBXBuildFile; fileRef = 27931DAD2C007993005C36CF /* Launch Screen.storyboard */; };
/* End PBXBuildFile section */

/* Begin PBXContainerItemProxy section */
		27931D812C00749C005C36CF /* PBXContainerItemProxy */ = {
			isa = PBXContainerItemProxy;
			containerPortal = 27931D682C00749A005C36CF /* Project object */;
			proxyType = 1;
			remoteGlobalIDString = 27931D6F2C00749A005C36CF;
			remoteInfo = LandMarks;
		};
		27931D8B2C00749C005C36CF /* PBXContainerItemProxy */ = {
			isa = PBXContainerItemProxy;
			containerPortal = 27931D682C00749A005C36CF /* Project object */;
			proxyType = 1;
			remoteGlobalIDString = 27931D6F2C00749A005C36CF;
			remoteInfo = LandMarks;
		};
/* End PBXContainerItemProxy section */

/* Begin PBXFileReference section */
		27931D702C00749A005C36CF /* LandMarks.app */ = {isa = PBXFileReference; explicitFileType = wrapper.application; includeInIndex = 0; path = LandMarks.app; sourceTree = BUILT_PRODUCTS_DIR; };
		27931D732C00749A005C36CF /* LandMarksApp.swift */ = {isa = PBXFileReference; lastKnownFileType = sourcecode.swift; path = LandMarksApp.swift; sourceTree = "<group>"; };
		27931D752C00749A005C36CF /* LandMarkListView.swift */ = {isa = PBXFileReference; lastKnownFileType = sourcecode.swift; path = LandMarkListView.swift; sourceTree = "<group>"; };
		27931D772C00749C005C36CF /* Assets.xcassets */ = {isa = PBXFileReference; lastKnownFileType = folder.assetcatalog; path = Assets.xcassets; sourceTree = "<group>"; };
		27931D7A2C00749C005C36CF /* Preview Assets.xcassets */ = {isa = PBXFileReference; lastKnownFileType = folder.assetcatalog; path = "Preview Assets.xcassets"; sourceTree = "<group>"; };
		27931D802C00749C005C36CF /* LandMarksTests.xctest */ = {isa = PBXFileReference; explicitFileType = wrapper.cfbundle; includeInIndex = 0; path = LandMarksTests.xctest; sourceTree = BUILT_PRODUCTS_DIR; };
		27931D842C00749C005C36CF /* LandMarksTests.swift */ = {isa = PBXFileReference; lastKnownFileType = sourcecode.swift; path = LandMarksTests.swift; sourceTree = "<group>"; };
		27931D8A2C00749C005C36CF /* LandMarksUITests.xctest */ = {isa = PBXFileReference; explicitFileType = wrapper.cfbundle; includeInIndex = 0; path = LandMarksUITests.xctest; sourceTree = BUILT_PRODUCTS_DIR; };
		27931D8E2C00749C005C36CF /* LandMarksUITests.swift */ = {isa = PBXFileReference; lastKnownFileType = sourcecode.swift; path = LandMarksUITests.swift; sourceTree = "<group>"; };
		27931D902C00749C005C36CF /* LandMarksUITestsLaunchTests.swift */ = {isa = PBXFileReference; lastKnownFileType = sourcecode.swift; path = LandMarksUITestsLaunchTests.swift; sourceTree = "<group>"; };
		27931DA02C0076F7005C36CF /* landmarkData.json */ = {isa = PBXFileReference; fileEncoding = 4; lastKnownFileType = text.json; path = landmarkData.json; sourceTree = "<group>"; };
		27931DA72C0077B6005C36CF /* LandMarkDataViewModel.swift */ = {isa = PBXFileReference; lastKnownFileType = sourcecode.swift; path = LandMarkDataViewModel.swift; sourceTree = "<group>"; };
		27931DA92C0077CB005C36CF /* LandMark.swift */ = {isa = PBXFileReference; lastKnownFileType = sourcecode.swift; path = LandMark.swift; sourceTree = "<group>"; };
		27931DAB2C0077EA005C36CF /* LandMarkListCell.swift */ = {isa = PBXFileReference; lastKnownFileType = sourcecode.swift; path = LandMarkListCell.swift; sourceTree = "<group>"; };
		27931DAD2C007993005C36CF /* Launch Screen.storyboard */ = {isa = PBXFileReference; lastKnownFileType = file.storyboard; path = "Launch Screen.storyboard"; sourceTree = "<group>"; };
/* End PBXFileReference section */

/* Begin PBXFrameworksBuildPhase section */
		27931D6D2C00749A005C36CF /* Frameworks */ = {
			isa = PBXFrameworksBuildPhase;
			buildActionMask = 2147483647;
			files = (
			);
			runOnlyForDeploymentPostprocessing = 0;
		};
		27931D7D2C00749C005C36CF /* Frameworks */ = {
			isa = PBXFrameworksBuildPhase;
			buildActionMask = 2147483647;
			files = (
			);
			runOnlyForDeploymentPostprocessing = 0;
		};
		27931D872C00749C005C36CF /* Frameworks */ = {
			isa = PBXFrameworksBuildPhase;
			buildActionMask = 2147483647;
			files = (
			);
			runOnlyForDeploymentPostprocessing = 0;
		};
/* End PBXFrameworksBuildPhase section */

/* Begin PBXGroup section */
		27931D672C00749A005C36CF = {
			isa = PBXGroup;
			children = (
				27931D722C00749A005C36CF /* LandMarks */,
				27931D832C00749C005C36CF /* LandMarksTests */,
				27931D8D2C00749C005C36CF /* LandMarksUITests */,
				27931D712C00749A005C36CF /* Products */,
			);
			sourceTree = "<group>";
		};
		27931D712C00749A005C36CF /* Products */ = {
			isa = PBXGroup;
			children = (
				27931D702C00749A005C36CF /* LandMarks.app */,
				27931D802C00749C005C36CF /* LandMarksTests.xctest */,
				27931D8A2C00749C005C36CF /* LandMarksUITests.xctest */,
			);
			name = Products;
			sourceTree = "<group>";
		};
		27931D722C00749A005C36CF /* LandMarks */ = {
			isa = PBXGroup;
			children = (
				27931D9D2C007695005C36CF /* Application */,
				27931D732C00749A005C36CF /* LandMarksApp.swift */,
				27931D792C00749C005C36CF /* Preview Content */,
				27931DAD2C007993005C36CF /* Launch Screen.storyboard */,
			);
			path = LandMarks;
			sourceTree = "<group>";
		};
		27931D792C00749C005C36CF /* Preview Content */ = {
			isa = PBXGroup;
			children = (
				27931D7A2C00749C005C36CF /* Preview Assets.xcassets */,
			);
			path = "Preview Content";
			sourceTree = "<group>";
		};
		27931D832C00749C005C36CF /* LandMarksTests */ = {
			isa = PBXGroup;
			children = (
				27931D842C00749C005C36CF /* LandMarksTests.swift */,
			);
			path = LandMarksTests;
			sourceTree = "<group>";
		};
		27931D8D2C00749C005C36CF /* LandMarksUITests */ = {
			isa = PBXGroup;
			children = (
				27931D8E2C00749C005C36CF /* LandMarksUITests.swift */,
				27931D902C00749C005C36CF /* LandMarksUITestsLaunchTests.swift */,
			);
			path = LandMarksUITests;
			sourceTree = "<group>";
		};
		27931D9D2C007695005C36CF /* Application */ = {
			isa = PBXGroup;
			children = (
				27931D772C00749C005C36CF /* Assets.xcassets */,
				27931D9F2C0076BA005C36CF /* Resources */,
				27931D9E2C00769D005C36CF /* View+ViewModel */,
			);
			path = Application;
			sourceTree = "<group>";
		};
		27931D9E2C00769D005C36CF /* View+ViewModel */ = {
			isa = PBXGroup;
			children = (
				27931DA62C00778A005C36CF /* LandMarkDataViewModel */,
				27931DA52C00777D005C36CF /* Models */,
				27931DA42C007772005C36CF /* LandMarkListView */,
			);
			path = "View+ViewModel";
			sourceTree = "<group>";
		};
		27931D9F2C0076BA005C36CF /* Resources */ = {
			isa = PBXGroup;
			children = (
				27931DA02C0076F7005C36CF /* landmarkData.json */,
			);
			path = Resources;
			sourceTree = "<group>";
		};
		27931DA42C007772005C36CF /* LandMarkListView */ = {
			isa = PBXGroup;
			children = (
				27931D752C00749A005C36CF /* LandMarkListView.swift */,
				27931DAB2C0077EA005C36CF /* LandMarkListCell.swift */,
			);
			path = LandMarkListView;
			sourceTree = "<group>";
		};
		27931DA52C00777D005C36CF /* Models */ = {
			isa = PBXGroup;
			children = (
				27931DA92C0077CB005C36CF /* LandMark.swift */,
			);
			path = Models;
			sourceTree = "<group>";
		};
		27931DA62C00778A005C36CF /* LandMarkDataViewModel */ = {
			isa = PBXGroup;
			children = (
				27931DA72C0077B6005C36CF /* LandMarkDataViewModel.swift */,
			);
			path = LandMarkDataViewModel;
			sourceTree = "<group>";
		};
/* End PBXGroup section */

/* Begin PBXNativeTarget section */
		27931D6F2C00749A005C36CF /* LandMarks */ = {
			isa = PBXNativeTarget;
			buildConfigurationList = 27931D942C00749C005C36CF /* Build configuration list for PBXNativeTarget "LandMarks" */;
			buildPhases = (
				27931D6C2C00749A005C36CF /* Sources */,
				27931D6D2C00749A005C36CF /* Frameworks */,
				27931D6E2C00749A005C36CF /* Resources */,
			);
			buildRules = (
			);
			dependencies = (
			);
			name = LandMarks;
			productName = LandMarks;
			productReference = 27931D702C00749A005C36CF /* LandMarks.app */;
			productType = "com.apple.product-type.application";
		};
		27931D7F2C00749C005C36CF /* LandMarksTests */ = {
			isa = PBXNativeTarget;
			buildConfigurationList = 27931D972C00749C005C36CF /* Build configuration list for PBXNativeTarget "LandMarksTests" */;
			buildPhases = (
				27931D7C2C00749C005C36CF /* Sources */,
				27931D7D2C00749C005C36CF /* Frameworks */,
				27931D7E2C00749C005C36CF /* Resources */,
			);
			buildRules = (
			);
			dependencies = (
				27931D822C00749C005C36CF /* PBXTargetDependency */,
			);
			name = LandMarksTests;
			productName = LandMarksTests;
			productReference = 27931D802C00749C005C36CF /* LandMarksTests.xctest */;
			productType = "com.apple.product-type.bundle.unit-test";
		};
		27931D892C00749C005C36CF /* LandMarksUITests */ = {
			isa = PBXNativeTarget;
			buildConfigurationList = 27931D9A2C00749C005C36CF /* Build configuration list for PBXNativeTarget "LandMarksUITests" */;
			buildPhases = (
				27931D862C00749C005C36CF /* Sources */,
				27931D872C00749C005C36CF /* Frameworks */,
				27931D882C00749C005C36CF /* Resources */,
			);
			buildRules = (
			);
			dependencies = (
				27931D8C2C00749C005C36CF /* PBXTargetDependency */,
			);
			name = LandMarksUITests;
			productName = LandMarksUITests;
			productReference = 27931D8A2C00749C005C36CF /* LandMarksUITests.xctest */;
			productType = "com.apple.product-type.bundle.ui-testing";
		};
/* End PBXNativeTarget section */

/* Begin PBXProject section */
		27931D682C00749A005C36CF /* Project object */ = {
			isa = PBXProject;
			attributes = {
				BuildIndependentTargetsInParallel = 1;
				LastSwiftUpdateCheck = 1430;
				LastUpgradeCheck = 1430;
				TargetAttributes = {
					27931D6F2C00749A005C36CF = {
						CreatedOnToolsVersion = 14.3;
					};
					27931D7F2C00749C005C36CF = {
						CreatedOnToolsVersion = 14.3;
						TestTargetID = 27931D6F2C00749A005C36CF;
					};
					27931D892C00749C005C36CF = {
						CreatedOnToolsVersion = 14.3;
						TestTargetID = 27931D6F2C00749A005C36CF;
					};
				};
			};
			buildConfigurationList = 27931D6B2C00749A005C36CF /* Build configuration list for PBXProject "LandMarks" */;
			compatibilityVersion = "Xcode 14.0";
			developmentRegion = en;
			hasScannedForEncodings = 0;
			knownRegions = (
				en,
				Base,
			);
			mainGroup = 27931D672C00749A005C36CF;
			productRefGroup = 27931D712C00749A005C36CF /* Products */;
			projectDirPath = "";
			projectRoot = "";
			targets = (
				27931D6F2C00749A005C36CF /* LandMarks */,
				27931D7F2C00749C005C36CF /* LandMarksTests */,
				27931D892C00749C005C36CF /* LandMarksUITests */,
			);
		};
/* End PBXProject section */

/* Begin PBXResourcesBuildPhase section */
		27931D6E2C00749A005C36CF /* Resources */ = {
			isa = PBXResourcesBuildPhase;
			buildActionMask = 2147483647;
			files = (
				27931D7B2C00749C005C36CF /* Preview Assets.xcassets in Resources */,
				27931D782C00749C005C36CF /* Assets.xcassets in Resources */,
				27931DAE2C007993005C36CF /* Launch Screen.storyboard in Resources */,
				27931DA12C0076F7005C36CF /* landmarkData.json in Resources */,
			);
			runOnlyForDeploymentPostprocessing = 0;
		};
		27931D7E2C00749C005C36CF /* Resources */ = {
			isa = PBXResourcesBuildPhase;
			buildActionMask = 2147483647;
			files = (
			);
			runOnlyForDeploymentPostprocessing = 0;
		};
		27931D882C00749C005C36CF /* Resources */ = {
			isa = PBXResourcesBuildPhase;
			buildActionMask = 2147483647;
			files = (
			);
			runOnlyForDeploymentPostprocessing = 0;
		};
/* End PBXResourcesBuildPhase section */

/* Begin PBXSourcesBuildPhase section */
		27931D6C2C00749A005C36CF /* Sources */ = {
			isa = PBXSourcesBuildPhase;
			buildActionMask = 2147483647;
			files = (
				27931DA82C0077B6005C36CF /* LandMarkDataViewModel.swift in Sources */,
				27931D762C00749A005C36CF /* LandMarkListView.swift in Sources */,
				27931D742C00749A005C36CF /* LandMarksApp.swift in Sources */,
				27931DAA2C0077CB005C36CF /* LandMark.swift in Sources */,
				27931DAC2C0077EA005C36CF /* LandMarkListCell.swift in Sources */,
			);
			runOnlyForDeploymentPostprocessing = 0;
		};
		27931D7C2C00749C005C36CF /* Sources */ = {
			isa = PBXSourcesBuildPhase;
			buildActionMask = 2147483647;
			files = (
				27931D852C00749C005C36CF /* LandMarksTests.swift in Sources */,
			);
			runOnlyForDeploymentPostprocessing = 0;
		};
		27931D862C00749C005C36CF /* Sources */ = {
			isa = PBXSourcesBuildPhase;
			buildActionMask = 2147483647;
			files = (
				27931D912C00749C005C36CF /* LandMarksUITestsLaunchTests.swift in Sources */,
				27931D8F2C00749C005C36CF /* LandMarksUITests.swift in Sources */,
			);
			runOnlyForDeploymentPostprocessing = 0;
		};
/* End PBXSourcesBuildPhase section */

/* Begin PBXTargetDependency section */
		27931D822C00749C005C36CF /* PBXTargetDependency */ = {
			isa = PBXTargetDependency;
			target = 27931D6F2C00749A005C36CF /* LandMarks */;
			targetProxy = 27931D812C00749C005C36CF /* PBXContainerItemProxy */;
		};
		27931D8C2C00749C005C36CF /* PBXTargetDependency */ = {
			isa = PBXTargetDependency;
			target = 27931D6F2C00749A005C36CF /* LandMarks */;
			targetProxy = 27931D8B2C00749C005C36CF /* PBXContainerItemProxy */;
		};
/* End PBXTargetDependency section */

/* Begin XCBuildConfiguration section */
		27931D922C00749C005C36CF /* Debug */ = {
			isa = XCBuildConfiguration;
			buildSettings = {
				ALWAYS_SEARCH_USER_PATHS = NO;
				CLANG_ANALYZER_NONNULL = YES;
				CLANG_ANALYZER_NUMBER_OBJECT_CONVERSION = YES_AGGRESSIVE;
				CLANG_CXX_LANGUAGE_STANDARD = "gnu++20";
				CLANG_ENABLE_MODULES = YES;
				CLANG_ENABLE_OBJC_ARC = YES;
				CLANG_ENABLE_OBJC_WEAK = YES;
				CLANG_WARN_BLOCK_CAPTURE_AUTORELEASING = YES;
				CLANG_WARN_BOOL_CONVERSION = YES;
				CLANG_WARN_COMMA = YES;
				CLANG_WARN_CONSTANT_CONVERSION = YES;
				CLANG_WARN_DEPRECATED_OBJC_IMPLEMENTATIONS = YES;
				CLANG_WARN_DIRECT_OBJC_ISA_USAGE = YES_ERROR;
				CLANG_WARN_DOCUMENTATION_COMMENTS = YES;
				CLANG_WARN_EMPTY_BODY = YES;
				CLANG_WARN_ENUM_CONVERSION = YES;
				CLANG_WARN_INFINITE_RECURSION = YES;
				CLANG_WARN_INT_CONVERSION = YES;
				CLANG_WARN_NON_LITERAL_NULL_CONVERSION = YES;
				CLANG_WARN_OBJC_IMPLICIT_RETAIN_SELF = YES;
				CLANG_WARN_OBJC_LITERAL_CONVERSION = YES;
				CLANG_WARN_OBJC_ROOT_CLASS = YES_ERROR;
				CLANG_WARN_QUOTED_INCLUDE_IN_FRAMEWORK_HEADER = YES;
				CLANG_WARN_RANGE_LOOP_ANALYSIS = YES;
				CLANG_WARN_STRICT_PROTOTYPES = YES;
				CLANG_WARN_SUSPICIOUS_MOVE = YES;
				CLANG_WARN_UNGUARDED_AVAILABILITY = YES_AGGRESSIVE;
				CLANG_WARN_UNREACHABLE_CODE = YES;
				CLANG_WARN__DUPLICATE_METHOD_MATCH = YES;
				COPY_PHASE_STRIP = NO;
				DEBUG_INFORMATION_FORMAT = dwarf;
				ENABLE_STRICT_OBJC_MSGSEND = YES;
				ENABLE_TESTABILITY = YES;
				GCC_C_LANGUAGE_STANDARD = gnu11;
				GCC_DYNAMIC_NO_PIC = NO;
				GCC_NO_COMMON_BLOCKS = YES;
				GCC_OPTIMIZATION_LEVEL = 0;
				GCC_PREPROCESSOR_DEFINITIONS = (
					"DEBUG=1",
					"$(inherited)",
				);
				GCC_WARN_64_TO_32_BIT_CONVERSION = YES;
				GCC_WARN_ABOUT_RETURN_TYPE = YES_ERROR;
				GCC_WARN_UNDECLARED_SELECTOR = YES;
				GCC_WARN_UNINITIALIZED_AUTOS = YES_AGGRESSIVE;
				GCC_WARN_UNUSED_FUNCTION = YES;
				GCC_WARN_UNUSED_VARIABLE = YES;
				IPHONEOS_DEPLOYMENT_TARGET = 14.0;
				MTL_ENABLE_DEBUG_INFO = INCLUDE_SOURCE;
				MTL_FAST_MATH = YES;
				ONLY_ACTIVE_ARCH = YES;
				SDKROOT = iphoneos;
				SWIFT_ACTIVE_COMPILATION_CONDITIONS = DEBUG;
				SWIFT_OPTIMIZATION_LEVEL = "-Onone";
			};
			name = Debug;
		};
		27931D932C00749C005C36CF /* Release */ = {
			isa = XCBuildConfiguration;
			buildSettings = {
				ALWAYS_SEARCH_USER_PATHS = NO;
				CLANG_ANALYZER_NONNULL = YES;
				CLANG_ANALYZER_NUMBER_OBJECT_CONVERSION = YES_AGGRESSIVE;
				CLANG_CXX_LANGUAGE_STANDARD = "gnu++20";
				CLANG_ENABLE_MODULES = YES;
				CLANG_ENABLE_OBJC_ARC = YES;
				CLANG_ENABLE_OBJC_WEAK = YES;
				CLANG_WARN_BLOCK_CAPTURE_AUTORELEASING = YES;
				CLANG_WARN_BOOL_CONVERSION = YES;
				CLANG_WARN_COMMA = YES;
				CLANG_WARN_CONSTANT_CONVERSION = YES;
				CLANG_WARN_DEPRECATED_OBJC_IMPLEMENTATIONS = YES;
				CLANG_WARN_DIRECT_OBJC_ISA_USAGE = YES_ERROR;
				CLANG_WARN_DOCUMENTATION_COMMENTS = YES;
				CLANG_WARN_EMPTY_BODY = YES;
				CLANG_WARN_ENUM_CONVERSION = YES;
				CLANG_WARN_INFINITE_RECURSION = YES;
				CLANG_WARN_INT_CONVERSION = YES;
				CLANG_WARN_NON_LITERAL_NULL_CONVERSION = YES;
				CLANG_WARN_OBJC_IMPLICIT_RETAIN_SELF = YES;
				CLANG_WARN_OBJC_LITERAL_CONVERSION = YES;
				CLANG_WARN_OBJC_ROOT_CLASS = YES_ERROR;
				CLANG_WARN_QUOTED_INCLUDE_IN_FRAMEWORK_HEADER = YES;
				CLANG_WARN_RANGE_LOOP_ANALYSIS = YES;
				CLANG_WARN_STRICT_PROTOTYPES = YES;
				CLANG_WARN_SUSPICIOUS_MOVE = YES;
				CLANG_WARN_UNGUARDED_AVAILABILITY = YES_AGGRESSIVE;
				CLANG_WARN_UNREACHABLE_CODE = YES;
				CLANG_WARN__DUPLICATE_METHOD_MATCH = YES;
				COPY_PHASE_STRIP = NO;
				DEBUG_INFORMATION_FORMAT = "dwarf-with-dsym";
				ENABLE_NS_ASSERTIONS = NO;
				ENABLE_STRICT_OBJC_MSGSEND = YES;
				GCC_C_LANGUAGE_STANDARD = gnu11;
				GCC_NO_COMMON_BLOCKS = YES;
				GCC_WARN_64_TO_32_BIT_CONVERSION = YES;
				GCC_WARN_ABOUT_RETURN_TYPE = YES_ERROR;
				GCC_WARN_UNDECLARED_SELECTOR = YES;
				GCC_WARN_UNINITIALIZED_AUTOS = YES_AGGRESSIVE;
				GCC_WARN_UNUSED_FUNCTION = YES;
				GCC_WARN_UNUSED_VARIABLE = YES;
				IPHONEOS_DEPLOYMENT_TARGET = 14.0;
				MTL_ENABLE_DEBUG_INFO = NO;
				MTL_FAST_MATH = YES;
				SDKROOT = iphoneos;
				SWIFT_COMPILATION_MODE = wholemodule;
				SWIFT_OPTIMIZATION_LEVEL = "-O";
				VALIDATE_PRODUCT = YES;
			};
			name = Release;
		};
		27931D952C00749C005C36CF /* Debug */ = {
			isa = XCBuildConfiguration;
			buildSettings = {
				ASSETCATALOG_COMPILER_APPICON_NAME = AppIcon;
				ASSETCATALOG_COMPILER_GLOBAL_ACCENT_COLOR_NAME = AccentColor;
				CODE_SIGN_STYLE = Automatic;
				CURRENT_PROJECT_VERSION = 1;
				DEVELOPMENT_ASSET_PATHS = "\"LandMarks/Preview Content\"";
				DEVELOPMENT_TEAM = VSZN8548QV;
				ENABLE_PREVIEWS = YES;
				GENERATE_INFOPLIST_FILE = YES;
				INFOPLIST_KEY_UIApplicationSceneManifest_Generation = YES;
				INFOPLIST_KEY_UIApplicationSupportsIndirectInputEvents = YES;
				INFOPLIST_KEY_UILaunchScreen_Generation = YES;
				INFOPLIST_KEY_UILaunchStoryboardName = "Launch Screen.storyboard";
				INFOPLIST_KEY_UISupportedInterfaceOrientations_iPad = "UIInterfaceOrientationPortrait UIInterfaceOrientationPortraitUpsideDown UIInterfaceOrientationLandscapeLeft UIInterfaceOrientationLandscapeRight";
				INFOPLIST_KEY_UISupportedInterfaceOrientations_iPhone = "UIInterfaceOrientationPortrait UIInterfaceOrientationLandscapeLeft UIInterfaceOrientationLandscapeRight";
				IPHONEOS_DEPLOYMENT_TARGET = 14.0;
				LD_RUNPATH_SEARCH_PATHS = (
					"$(inherited)",
					"@executable_path/Frameworks",
				);
				MARKETING_VERSION = 1.0.0;
				PRODUCT_BUNDLE_IDENTIFIER = com.landmark;
				PRODUCT_NAME = "$(TARGET_NAME)";
				SWIFT_EMIT_LOC_STRINGS = YES;
				SWIFT_VERSION = 5.0;
				TARGETED_DEVICE_FAMILY = "1,2";
			};
			name = Debug;
		};
		27931D962C00749C005C36CF /* Release */ = {
			isa = XCBuildConfiguration;
			buildSettings = {
				ASSETCATALOG_COMPILER_APPICON_NAME = AppIcon;
				ASSETCATALOG_COMPILER_GLOBAL_ACCENT_COLOR_NAME = AccentColor;
				CODE_SIGN_STYLE = Automatic;
				CURRENT_PROJECT_VERSION = 1;
				DEVELOPMENT_ASSET_PATHS = "\"LandMarks/Preview Content\"";
				DEVELOPMENT_TEAM = VSZN8548QV;
				ENABLE_PREVIEWS = YES;
				GENERATE_INFOPLIST_FILE = YES;
				INFOPLIST_KEY_UIApplicationSceneManifest_Generation = YES;
				INFOPLIST_KEY_UIApplicationSupportsIndirectInputEvents = YES;
				INFOPLIST_KEY_UILaunchScreen_Generation = YES;
				INFOPLIST_KEY_UILaunchStoryboardName = "Launch Screen.storyboard";
				INFOPLIST_KEY_UISupportedInterfaceOrientations_iPad = "UIInterfaceOrientationPortrait UIInterfaceOrientationPortraitUpsideDown UIInterfaceOrientationLandscapeLeft UIInterfaceOrientationLandscapeRight";
				INFOPLIST_KEY_UISupportedInterfaceOrientations_iPhone = "UIInterfaceOrientationPortrait UIInterfaceOrientationLandscapeLeft UIInterfaceOrientationLandscapeRight";
				IPHONEOS_DEPLOYMENT_TARGET = 14.0;
				LD_RUNPATH_SEARCH_PATHS = (
					"$(inherited)",
					"@executable_path/Frameworks",
				);
				MARKETING_VERSION = 1.0.0;
				PRODUCT_BUNDLE_IDENTIFIER = com.landmark;
				PRODUCT_NAME = "$(TARGET_NAME)";
				SWIFT_EMIT_LOC_STRINGS = YES;
				SWIFT_VERSION = 5.0;
				TARGETED_DEVICE_FAMILY = "1,2";
			};
			name = Release;
		};
		27931D982C00749C005C36CF /* Debug */ = {
			isa = XCBuildConfiguration;
			buildSettings = {
				ALWAYS_EMBED_SWIFT_STANDARD_LIBRARIES = YES;
				BUNDLE_LOADER = "$(TEST_HOST)";
				CODE_SIGN_STYLE = Automatic;
				CURRENT_PROJECT_VERSION = 1;
				DEVELOPMENT_TEAM = VSZN8548QV;
				GENERATE_INFOPLIST_FILE = YES;
				IPHONEOS_DEPLOYMENT_TARGET = 16.4;
				MARKETING_VERSION = 1.0;
				PRODUCT_BUNDLE_IDENTIFIER = com.landmark.LandMarksTests;
				PRODUCT_NAME = "$(TARGET_NAME)";
				SWIFT_EMIT_LOC_STRINGS = NO;
				SWIFT_VERSION = 5.0;
				TARGETED_DEVICE_FAMILY = "1,2";
				TEST_HOST = "$(BUILT_PRODUCTS_DIR)/LandMarks.app/$(BUNDLE_EXECUTABLE_FOLDER_PATH)/LandMarks";
			};
			name = Debug;
		};
		27931D992C00749C005C36CF /* Release */ = {
			isa = XCBuildConfiguration;
			buildSettings = {
				ALWAYS_EMBED_SWIFT_STANDARD_LIBRARIES = YES;
				BUNDLE_LOADER = "$(TEST_HOST)";
				CODE_SIGN_STYLE = Automatic;
				CURRENT_PROJECT_VERSION = 1;
				DEVELOPMENT_TEAM = VSZN8548QV;
				GENERATE_INFOPLIST_FILE = YES;
				IPHONEOS_DEPLOYMENT_TARGET = 16.4;
				MARKETING_VERSION = 1.0;
				PRODUCT_BUNDLE_IDENTIFIER = com.landmark.LandMarksTests;
				PRODUCT_NAME = "$(TARGET_NAME)";
				SWIFT_EMIT_LOC_STRINGS = NO;
				SWIFT_VERSION = 5.0;
				TARGETED_DEVICE_FAMILY = "1,2";
				TEST_HOST = "$(BUILT_PRODUCTS_DIR)/LandMarks.app/$(BUNDLE_EXECUTABLE_FOLDER_PATH)/LandMarks";
			};
			name = Release;
		};
		27931D9B2C00749C005C36CF /* Debug */ = {
			isa = XCBuildConfiguration;
			buildSettings = {
				ALWAYS_EMBED_SWIFT_STANDARD_LIBRARIES = YES;
				CODE_SIGN_STYLE = Automatic;
				CURRENT_PROJECT_VERSION = 1;
				DEVELOPMENT_TEAM = VSZN8548QV;
				GENERATE_INFOPLIST_FILE = YES;
				MARKETING_VERSION = 1.0;
				PRODUCT_BUNDLE_IDENTIFIER = com.landmark.LandMarksUITests;
				PRODUCT_NAME = "$(TARGET_NAME)";
				SWIFT_EMIT_LOC_STRINGS = NO;
				SWIFT_VERSION = 5.0;
				TARGETED_DEVICE_FAMILY = "1,2";
				TEST_TARGET_NAME = LandMarks;
			};
			name = Debug;
		};
		27931D9C2C00749C005C36CF /* Release */ = {
			isa = XCBuildConfiguration;
			buildSettings = {
				ALWAYS_EMBED_SWIFT_STANDARD_LIBRARIES = YES;
				CODE_SIGN_STYLE = Automatic;
				CURRENT_PROJECT_VERSION = 1;
				DEVELOPMENT_TEAM = VSZN8548QV;
				GENERATE_INFOPLIST_FILE = YES;
				MARKETING_VERSION = 1.0;
				PRODUCT_BUNDLE_IDENTIFIER = com.landmark.LandMarksUITests;
				PRODUCT_NAME = "$(TARGET_NAME)";
				SWIFT_EMIT_LOC_STRINGS = NO;
				SWIFT_VERSION = 5.0;
				TARGETED_DEVICE_FAMILY = "1,2";
				TEST_TARGET_NAME = LandMarks;
			};
			name = Release;
		};
/* End XCBuildConfiguration section */

/* Begin XCConfigurationList section */
		27931D6B2C00749A005C36CF /* Build configuration list for PBXProject "LandMarks" */ = {
			isa = XCConfigurationList;
			buildConfigurations = (
				27931D922C00749C005C36CF /* Debug */,
				27931D932C00749C005C36CF /* Release */,
			);
			defaultConfigurationIsVisible = 0;
			defaultConfigurationName = Release;
		};
		27931D942C00749C005C36CF /* Build configuration list for PBXNativeTarget "LandMarks" */ = {
			isa = XCConfigurationList;
			buildConfigurations = (
				27931D952C00749C005C36CF /* Debug */,
				27931D962C00749C005C36CF /* Release */,
			);
			defaultConfigurationIsVisible = 0;
			defaultConfigurationName = Release;
		};
		27931D972C00749C005C36CF /* Build configuration list for PBXNativeTarget "LandMarksTests" */ = {
			isa = XCConfigurationList;
			buildConfigurations = (
				27931D982C00749C005C36CF /* Debug */,
				27931D992C00749C005C36CF /* Release */,
			);
			defaultConfigurationIsVisible = 0;
			defaultConfigurationName = Release;
		};
		27931D9A2C00749C005C36CF /* Build configuration list for PBXNativeTarget "LandMarksUITests" */ = {
			isa = XCConfigurationList;
			buildConfigurations = (
				27931D9B2C00749C005C36CF /* Debug */,
				27931D9C2C00749C005C36CF /* Release */,
			);
			defaultConfigurationIsVisible = 0;
			defaultConfigurationName = Release;
		};
/* End XCConfigurationList section */
	};
	rootObject = 27931D682C00749A005C36CF /* Project object */;
}
